
Microsoft Visual Studio Solution File, Format Version 12.00
# Visual Studio Version 16
VisualStudioVersion = 16.0.31205.134
MinimumVisualStudioVersion = 10.0.40219.1
Project("{FAE04EC0-301F-11D3-BF4B-00C04F79EFBC}") = "SaleWebMvc", "SaleWebMvc\SaleWebMvc.csproj", "{397C02C8-AC63-476B-90DB-A95046FFB51E}"
EndProject
Global
	GlobalSection(SolutionConfigurationPlatforms) = preSolution
		Debug|Any CPU = Debug|Any CPU
		Release|Any CPU = Release|Any CPU
	EndGlobalSection
	GlobalSection(ProjectConfigurationPlatforms) = postSolution
		{397C02C8-AC63-476B-90DB-A95046FFB51E}.Debug|Any CPU.ActiveCfg = Debug|Any CPU
		{397C02C8-AC63-476B-90DB-A95046FFB51E}.Debug|Any CPU.Build.0 = Debug|Any CPU
		{397C02C8-AC63-476B-90DB-A95046FFB51E}.Release|Any CPU.ActiveCfg = Release|Any CPU
		{397C02C8-AC63-476B-90DB-A95046FFB51E}.Release|Any CPU.Build.0 = Release|Any CPU
	EndGlobalSection
	GlobalSection(SolutionProperties) = preSolution
		HideSolutionNode = FALSE
	EndGlobalSection
	GlobalSection(ExtensibilityGlobals) = postSolution
		SolutionGuid = {B1FA8E53-19E3-448D-9D6B-0B58A995211D}
	EndGlobalSection
EndGlobal
